
Microsoft Visual Studio Solution File, Format Version 12.00
# Visual Studio Version 17
VisualStudioVersion = 17.7.34031.279
MinimumVisualStudioVersion = 10.0.40219.1
Project("{D2ABAB84-BF74-430A-B69E-9DC6D40DDA17}") = "SSAS", "SSAS.dwproj", "{95ED95F2-2913-4BC9-A13C-BE90E66FDEAD}"
EndProject
Global
	GlobalSection(SolutionConfigurationPlatforms) = preSolution
		Development|Default = Development|Default
	EndGlobalSection
	GlobalSection(ProjectConfigurationPlatforms) = postSolution
		{95ED95F2-2913-4BC9-A13C-BE90E66FDEAD}.Development|Default.ActiveCfg = Development
		{95ED95F2-2913-4BC9-A13C-BE90E66FDEAD}.Development|Default.Build.0 = Development
		{95ED95F2-2913-4BC9-A13C-BE90E66FDEAD}.Development|Default.Deploy.0 = Development
	EndGlobalSection
	GlobalSection(SolutionProperties) = preSolution
		HideSolutionNode = FALSE
	EndGlobalSection
	GlobalSection(ExtensibilityGlobals) = postSolution
		SolutionGuid = {7C7AAAB0-E679-442C-9529-A3E5A857C6FB}
	EndGlobalSection
EndGlobal
