
Microsoft Visual Studio Solution File, Format Version 12.00
# Visual Studio 2012
Project("{D2ABAB84-BF74-430A-B69E-9DC6D40DDA17}") = "Buoi4", "Buoi4\Buoi4.dwproj", "{F6BCD7E3-A697-4345-A612-B5A23100795E}"
EndProject
Global
	GlobalSection(SolutionConfigurationPlatforms) = preSolution
		Development|Default = Development|Default
	EndGlobalSection
	GlobalSection(ProjectConfigurationPlatforms) = postSolution
		{F6BCD7E3-A697-4345-A612-B5A23100795E}.Development|Default.ActiveCfg = Development
		{F6BCD7E3-A697-4345-A612-B5A23100795E}.Development|Default.Build.0 = Development
		{F6BCD7E3-A697-4345-A612-B5A23100795E}.Development|Default.Deploy.0 = Development
	EndGlobalSection
	GlobalSection(SolutionProperties) = preSolution
		HideSolutionNode = FALSE
	EndGlobalSection
EndGlobal
