
Microsoft Visual Studio Solution File, Format Version 12.00
# Visual Studio Version 16
VisualStudioVersion = 16.0.33927.289
MinimumVisualStudioVersion = 10.0.40219.1
Project("{C9674DCB-5085-4A16-B785-4C70DD1589BD}") = "Demo ETL", "Demo ETL\Demo ETL.dtproj", "{D8511DC4-2A8D-43CA-A3AD-0FB2D1E58355}"
EndProject
Global
	GlobalSection(SolutionConfigurationPlatforms) = preSolution
		Development|Default = Development|Default
	EndGlobalSection
	GlobalSection(ProjectConfigurationPlatforms) = postSolution
		{D8511DC4-2A8D-43CA-A3AD-0FB2D1E58355}.Development|Default.ActiveCfg = Development
		{D8511DC4-2A8D-43CA-A3AD-0FB2D1E58355}.Development|Default.Build.0 = Development
	EndGlobalSection
	GlobalSection(SolutionProperties) = preSolution
		HideSolutionNode = FALSE
	EndGlobalSection
	GlobalSection(ExtensibilityGlobals) = postSolution
		SolutionGuid = {B787B83D-0EB7-45A9-B7FF-CF6FC28A3058}
	EndGlobalSection
EndGlobal
