
Microsoft Visual Studio Solution File, Format Version 12.00
# Visual Studio 2012
Project("{D2ABAB84-BF74-430A-B69E-9DC6D40DDA17}") = "ssis 2", "ssis 2\ssis 2.dwproj", "{DFE3E7F9-3B64-4B29-B1F6-EE09CD3B6F4D}"
EndProject
Global
	GlobalSection(SolutionConfigurationPlatforms) = preSolution
		Development|Default = Development|Default
	EndGlobalSection
	GlobalSection(ProjectConfigurationPlatforms) = postSolution
		{DFE3E7F9-3B64-4B29-B1F6-EE09CD3B6F4D}.Development|Default.ActiveCfg = Development
		{DFE3E7F9-3B64-4B29-B1F6-EE09CD3B6F4D}.Development|Default.Build.0 = Development
		{DFE3E7F9-3B64-4B29-B1F6-EE09CD3B6F4D}.Development|Default.Deploy.0 = Development
	EndGlobalSection
	GlobalSection(SolutionProperties) = preSolution
		HideSolutionNode = FALSE
	EndGlobalSection
EndGlobal
