
Microsoft Visual Studio Solution File, Format Version 12.00
# Visual Studio 2012
Project("{159641D6-6404-4A2A-AE62-294DE0FE8301}") = "Bai6", "Bai6\Bai6.dtproj", "{D7CC199F-D07E-4014-9249-F83C7B775538}"
EndProject
Global
	GlobalSection(SolutionConfigurationPlatforms) = preSolution
		Development|Default = Development|Default
	EndGlobalSection
	GlobalSection(ProjectConfigurationPlatforms) = postSolution
		{D7CC199F-D07E-4014-9249-F83C7B775538}.Development|Default.ActiveCfg = Development
		{D7CC199F-D07E-4014-9249-F83C7B775538}.Development|Default.Build.0 = Development
	EndGlobalSection
	GlobalSection(SolutionProperties) = preSolution
		HideSolutionNode = FALSE
	EndGlobalSection
EndGlobal
