
Microsoft Visual Studio Solution File, Format Version 12.00
# Visual Studio 2012
Project("{159641D6-6404-4A2A-AE62-294DE0FE8301}") = "Bai5", "Bai5\Bai5.dtproj", "{C6585584-2C16-4F01-B6A9-4A5631A240EE}"
EndProject
Global
	GlobalSection(SolutionConfigurationPlatforms) = preSolution
		Development|Default = Development|Default
	EndGlobalSection
	GlobalSection(ProjectConfigurationPlatforms) = postSolution
		{C6585584-2C16-4F01-B6A9-4A5631A240EE}.Development|Default.ActiveCfg = Development
		{C6585584-2C16-4F01-B6A9-4A5631A240EE}.Development|Default.Build.0 = Development
	EndGlobalSection
	GlobalSection(SolutionProperties) = preSolution
		HideSolutionNode = FALSE
	EndGlobalSection
EndGlobal
