
Microsoft Visual Studio Solution File, Format Version 12.00
# Visual Studio 2012
Project("{159641D6-6404-4A2A-AE62-294DE0FE8301}") = "NhapDuLieu_Bai03", "NhapDuLieu_Bai03\NhapDuLieu_Bai03.dtproj", "{980FDC57-83DD-4289-8E5F-E74A9108EA07}"
EndProject
Global
	GlobalSection(SolutionConfigurationPlatforms) = preSolution
		Development|Default = Development|Default
	EndGlobalSection
	GlobalSection(ProjectConfigurationPlatforms) = postSolution
		{980FDC57-83DD-4289-8E5F-E74A9108EA07}.Development|Default.ActiveCfg = Development
		{980FDC57-83DD-4289-8E5F-E74A9108EA07}.Development|Default.Build.0 = Development
	EndGlobalSection
	GlobalSection(SolutionProperties) = preSolution
		HideSolutionNode = FALSE
	EndGlobalSection
EndGlobal
